
Microsoft Visual Studio Solution File, Format Version 10.00
# Visual Studio 2008
Project("{8BC9CEB8-8B4A-11D0-8D11-00A0C91BC942}") = "1002-飞盘高手", "1002-飞盘高手\1002-飞盘高手.vcproj", "{7DFA90B3-6F40-4F57-8FB9-163258D48D33}"
EndProject
Global
	GlobalSection(SolutionConfigurationPlatforms) = preSolution
		Debug|Win32 = Debug|Win32
		Release|Win32 = Release|Win32
	EndGlobalSection
	GlobalSection(ProjectConfigurationPlatforms) = postSolution
		{7DFA90B3-6F40-4F57-8FB9-163258D48D33}.Debug|Win32.ActiveCfg = Debug|Win32
		{7DFA90B3-6F40-4F57-8FB9-163258D48D33}.Debug|Win32.Build.0 = Debug|Win32
		{7DFA90B3-6F40-4F57-8FB9-163258D48D33}.Release|Win32.ActiveCfg = Release|Win32
		{7DFA90B3-6F40-4F57-8FB9-163258D48D33}.Release|Win32.Build.0 = Release|Win32
	EndGlobalSection
	GlobalSection(SolutionProperties) = preSolution
		HideSolutionNode = FALSE
	EndGlobalSection
EndGlobal
